
Microsoft Visual Studio Solution File, Format Version 12.00
# Visual Studio Version 17
VisualStudioVersion = 17.0.32112.339
MinimumVisualStudioVersion = 10.0.40219.1
Project("{9A19103F-16F7-4668-BE54-9A1E7A4F7556}") = "KeyManagement", "KeyManagement\KeyManagement.csproj", "{89A010B1-DFA3-497E-97CF-ADF1DB2BDCD2}"
EndProject
Project("{9A19103F-16F7-4668-BE54-9A1E7A4F7556}") = "NET3SimpleAPIGateway", "NET3SimpleAPIGateway\NET3SimpleAPIGateway.csproj", "{49F9FCFE-0376-46F4-9A63-DADD4C15491A}"
EndProject
Project("{9A19103F-16F7-4668-BE54-9A1E7A4F7556}") = "SimpleAPIGateway", "NET6SimpleAPIGateway\SimpleAPIGateway.csproj", "{16954BEF-0D8A-46BD-A169-870A06BC723F}"
EndProject
Global
	GlobalSection(SolutionConfigurationPlatforms) = preSolution
		Debug|Any CPU = Debug|Any CPU
		Release|Any CPU = Release|Any CPU
	EndGlobalSection
	GlobalSection(ProjectConfigurationPlatforms) = postSolution
		{89A010B1-DFA3-497E-97CF-ADF1DB2BDCD2}.Debug|Any CPU.ActiveCfg = Debug|Any CPU
		{89A010B1-DFA3-497E-97CF-ADF1DB2BDCD2}.Debug|Any CPU.Build.0 = Debug|Any CPU
		{89A010B1-DFA3-497E-97CF-ADF1DB2BDCD2}.Release|Any CPU.ActiveCfg = Release|Any CPU
		{89A010B1-DFA3-497E-97CF-ADF1DB2BDCD2}.Release|Any CPU.Build.0 = Release|Any CPU
		{49F9FCFE-0376-46F4-9A63-DADD4C15491A}.Debug|Any CPU.ActiveCfg = Debug|Any CPU
		{49F9FCFE-0376-46F4-9A63-DADD4C15491A}.Debug|Any CPU.Build.0 = Debug|Any CPU
		{49F9FCFE-0376-46F4-9A63-DADD4C15491A}.Release|Any CPU.ActiveCfg = Release|Any CPU
		{49F9FCFE-0376-46F4-9A63-DADD4C15491A}.Release|Any CPU.Build.0 = Release|Any CPU
		{16954BEF-0D8A-46BD-A169-870A06BC723F}.Debug|Any CPU.ActiveCfg = Debug|Any CPU
		{16954BEF-0D8A-46BD-A169-870A06BC723F}.Debug|Any CPU.Build.0 = Debug|Any CPU
		{16954BEF-0D8A-46BD-A169-870A06BC723F}.Release|Any CPU.ActiveCfg = Release|Any CPU
		{16954BEF-0D8A-46BD-A169-870A06BC723F}.Release|Any CPU.Build.0 = Release|Any CPU
	EndGlobalSection
	GlobalSection(SolutionProperties) = preSolution
		HideSolutionNode = FALSE
	EndGlobalSection
	GlobalSection(ExtensibilityGlobals) = postSolution
		SolutionGuid = {BD3844E0-44DE-46C6-A97D-A2D703090D3E}
	EndGlobalSection
EndGlobal
