
Microsoft Visual Studio Solution File, Format Version 12.00
# Visual Studio Version 17
VisualStudioVersion = 17.0.32112.339
MinimumVisualStudioVersion = 10.0.40219.1
Project("{FAE04EC0-301F-11D3-BF4B-00C04F79EFBC}") = "SimpleAPIGateway", "SimpleAPIGateway\SimpleAPIGateway.csproj", "{DAF07DCD-1FA2-4B43-9F26-F1BD5DB59D9D}"
EndProject
Project("{FAE04EC0-301F-11D3-BF4B-00C04F79EFBC}") = "KeyManagement", "..\KeyManagement\KeyManagement.csproj", "{89A010B1-DFA3-497E-97CF-ADF1DB2BDCD2}"
EndProject
Global
	GlobalSection(SolutionConfigurationPlatforms) = preSolution
		Debug|Any CPU = Debug|Any CPU
		Release|Any CPU = Release|Any CPU
	EndGlobalSection
	GlobalSection(ProjectConfigurationPlatforms) = postSolution
		{DAF07DCD-1FA2-4B43-9F26-F1BD5DB59D9D}.Debug|Any CPU.ActiveCfg = Debug|Any CPU
		{DAF07DCD-1FA2-4B43-9F26-F1BD5DB59D9D}.Debug|Any CPU.Build.0 = Debug|Any CPU
		{DAF07DCD-1FA2-4B43-9F26-F1BD5DB59D9D}.Release|Any CPU.ActiveCfg = Release|Any CPU
		{DAF07DCD-1FA2-4B43-9F26-F1BD5DB59D9D}.Release|Any CPU.Build.0 = Release|Any CPU
		{89A010B1-DFA3-497E-97CF-ADF1DB2BDCD2}.Debug|Any CPU.ActiveCfg = Debug|Any CPU
		{89A010B1-DFA3-497E-97CF-ADF1DB2BDCD2}.Debug|Any CPU.Build.0 = Debug|Any CPU
		{89A010B1-DFA3-497E-97CF-ADF1DB2BDCD2}.Release|Any CPU.ActiveCfg = Release|Any CPU
		{89A010B1-DFA3-497E-97CF-ADF1DB2BDCD2}.Release|Any CPU.Build.0 = Release|Any CPU
	EndGlobalSection
	GlobalSection(SolutionProperties) = preSolution
		HideSolutionNode = FALSE
	EndGlobalSection
	GlobalSection(ExtensibilityGlobals) = postSolution
		SolutionGuid = {BD3844E0-44DE-46C6-A97D-A2D703090D3E}
	EndGlobalSection
EndGlobal
